// !$*UTF8*$!
{
	archiveVersion = 1;
	classes = {
	};
	objectVersion = 50;
	objects = {

/* Begin PBXBuildFile section */
		E392425B238C75E0001B851D /* AppDelegate.swift in Sources */ = {isa = PBXBuildFile; fileRef = E392425A238C75E0001B851D /* AppDelegate.swift */; };
		E392425D238C75E1001B851D /* StartVC.swift in Sources */ = {isa = PBXBuildFile; fileRef = E392425C238C75E1001B851D /* StartVC.swift */; };
		E3924262238C75E1001B851D /* Assets.xcassets in Resources */ = {isa = PBXBuildFile; fileRef = E3924261238C75E1001B851D /* Assets.xcassets */; };
		E3924265238C75E1001B851D /* LaunchScreen.storyboard in Resources */ = {isa = PBXBuildFile; fileRef = E3924263238C75E1001B851D /* LaunchScreen.storyboard */; };
		E39242C22392678B001B851D /* Model.xcdatamodeld in Sources */ = {isa = PBXBuildFile; fileRef = E39242C02392678B001B851D /* Model.xcdatamodeld */; };
		E39242E723987B55001B851D /* Recipe.swift in Sources */ = {isa = PBXBuildFile; fileRef = E39242E623987B55001B851D /* Recipe.swift */; };
		E39242E92398A563001B851D /* GlobalValues.swift in Sources */ = {isa = PBXBuildFile; fileRef = E39242E82398A563001B851D /* GlobalValues.swift */; };
		E39242EC2398C486001B851D /* GlobalFunctions.swift in Sources */ = {isa = PBXBuildFile; fileRef = E39242EB2398C486001B851D /* GlobalFunctions.swift */; };
		E3924305239A5500001B851D /* RecipesListCellTableViewCell.swift in Sources */ = {isa = PBXBuildFile; fileRef = E3924304239A5500001B851D /* RecipesListCellTableViewCell.swift */; };
		E3924307239A5B60001B851D /* RecipesList.swift in Sources */ = {isa = PBXBuildFile; fileRef = E3924306239A5B60001B851D /* RecipesList.swift */; };
		E3924309239C8C40001B851D /* Show Recipe VC.swift in Sources */ = {isa = PBXBuildFile; fileRef = E3924308239C8C40001B851D /* Show Recipe VC.swift */; };
		E3924313239E756E001B851D /* Different IngridientsVC.swift in Sources */ = {isa = PBXBuildFile; fileRef = E3924312239E756E001B851D /* Different IngridientsVC.swift */; };
		E3924316239ED608001B851D /* CoreDataStack.swift in Sources */ = {isa = PBXBuildFile; fileRef = E3924315239ED608001B851D /* CoreDataStack.swift */; };
		E3924318239ED643001B851D /* CoreDataManager.swift in Sources */ = {isa = PBXBuildFile; fileRef = E3924317239ED643001B851D /* CoreDataManager.swift */; };
		E392431A239ED673001B851D /* MOImage.swift in Sources */ = {isa = PBXBuildFile; fileRef = E3924319239ED673001B851D /* MOImage.swift */; };
		E392431C239F23EC001B851D /* ImageStructure.swift in Sources */ = {isa = PBXBuildFile; fileRef = E392431B239F23EC001B851D /* ImageStructure.swift */; };
		E3924320239F5563001B851D /* MODataBase.swift in Sources */ = {isa = PBXBuildFile; fileRef = E392431F239F5563001B851D /* MODataBase.swift */; };
		E392432223A0727F001B851D /* Different Sub CategoriesVC.swift in Sources */ = {isa = PBXBuildFile; fileRef = E392432123A0727F001B851D /* Different Sub CategoriesVC.swift */; };
/* End PBXBuildFile section */

/* Begin PBXFileReference section */
		E3924257238C75E0001B851D /* Want To Pohavat.app */ = {isa = PBXFileReference; explicitFileType = wrapper.application; includeInIndex = 0; path = "Want To Pohavat.app"; sourceTree = BUILT_PRODUCTS_DIR; };
		E392425A238C75E0001B851D /* AppDelegate.swift */ = {isa = PBXFileReference; lastKnownFileType = sourcecode.swift; path = AppDelegate.swift; sourceTree = "<group>"; };
		E392425C238C75E1001B851D /* StartVC.swift */ = {isa = PBXFileReference; lastKnownFileType = sourcecode.swift; path = StartVC.swift; sourceTree = "<group>"; };
		E3924261238C75E1001B851D /* Assets.xcassets */ = {isa = PBXFileReference; lastKnownFileType = folder.assetcatalog; path = Assets.xcassets; sourceTree = "<group>"; };
		E3924264238C75E1001B851D /* Base */ = {isa = PBXFileReference; lastKnownFileType = file.storyboard; name = Base; path = Base.lproj/LaunchScreen.storyboard; sourceTree = "<group>"; };
		E3924266238C75E1001B851D /* Info.plist */ = {isa = PBXFileReference; lastKnownFileType = text.plist.xml; path = Info.plist; sourceTree = "<group>"; };
		E39242C12392678B001B851D /* Model.xcdatamodel */ = {isa = PBXFileReference; lastKnownFileType = wrapper.xcdatamodel; path = Model.xcdatamodel; sourceTree = "<group>"; };
		E39242E623987B55001B851D /* Recipe.swift */ = {isa = PBXFileReference; lastKnownFileType = sourcecode.swift; path = Recipe.swift; sourceTree = "<group>"; };
		E39242E82398A563001B851D /* GlobalValues.swift */ = {isa = PBXFileReference; lastKnownFileType = sourcecode.swift; path = GlobalValues.swift; sourceTree = "<group>"; };
		E39242EB2398C486001B851D /* GlobalFunctions.swift */ = {isa = PBXFileReference; lastKnownFileType = sourcecode.swift; path = GlobalFunctions.swift; sourceTree = "<group>"; };
		E3924304239A5500001B851D /* RecipesListCellTableViewCell.swift */ = {isa = PBXFileReference; lastKnownFileType = sourcecode.swift; path = RecipesListCellTableViewCell.swift; sourceTree = "<group>"; };
		E3924306239A5B60001B851D /* RecipesList.swift */ = {isa = PBXFileReference; lastKnownFileType = sourcecode.swift; name = RecipesList.swift; path = ../../../RecipesList.swift; sourceTree = "<group>"; };
		E3924308239C8C40001B851D /* Show Recipe VC.swift */ = {isa = PBXFileReference; lastKnownFileType = sourcecode.swift; path = "Show Recipe VC.swift"; sourceTree = "<group>"; };
		E3924312239E756E001B851D /* Different IngridientsVC.swift */ = {isa = PBXFileReference; lastKnownFileType = sourcecode.swift; path = "Different IngridientsVC.swift"; sourceTree = "<group>"; };
		E3924315239ED608001B851D /* CoreDataStack.swift */ = {isa = PBXFileReference; lastKnownFileType = sourcecode.swift; path = CoreDataStack.swift; sourceTree = "<group>"; };
		E3924317239ED643001B851D /* CoreDataManager.swift */ = {isa = PBXFileReference; lastKnownFileType = sourcecode.swift; path = CoreDataManager.swift; sourceTree = "<group>"; };
		E3924319239ED673001B851D /* MOImage.swift */ = {isa = PBXFileReference; lastKnownFileType = sourcecode.swift; path = MOImage.swift; sourceTree = "<group>"; };
		E392431B239F23EC001B851D /* ImageStructure.swift */ = {isa = PBXFileReference; lastKnownFileType = sourcecode.swift; path = ImageStructure.swift; sourceTree = "<group>"; };
		E392431F239F5563001B851D /* MODataBase.swift */ = {isa = PBXFileReference; lastKnownFileType = sourcecode.swift; path = MODataBase.swift; sourceTree = "<group>"; };
		E392432123A0727F001B851D /* Different Sub CategoriesVC.swift */ = {isa = PBXFileReference; lastKnownFileType = sourcecode.swift; path = "Different Sub CategoriesVC.swift"; sourceTree = "<group>"; };
/* End PBXFileReference section */

/* Begin PBXFrameworksBuildPhase section */
		E3924254238C75E0001B851D /* Frameworks */ = {
			isa = PBXFrameworksBuildPhase;
			buildActionMask = 2147483647;
			files = (
			);
			runOnlyForDeploymentPostprocessing = 0;
		};
/* End PBXFrameworksBuildPhase section */

/* Begin PBXGroup section */
		E392424E238C75E0001B851D = {
			isa = PBXGroup;
			children = (
				E3924259238C75E0001B851D /* Want To Pohavat */,
				E3924258238C75E0001B851D /* Products */,
			);
			sourceTree = "<group>";
		};
		E3924258238C75E0001B851D /* Products */ = {
			isa = PBXGroup;
			children = (
				E3924257238C75E0001B851D /* Want To Pohavat.app */,
			);
			name = Products;
			sourceTree = "<group>";
		};
		E3924259238C75E0001B851D /* Want To Pohavat */ = {
			isa = PBXGroup;
			children = (
				E3924314239ED5A0001B851D /* Core Data */,
				E3924300239A483C001B851D /* View */,
				E39242EA2398C474001B851D /* Controllers */,
				E39242E523987B18001B851D /* Model */,
				E392425A238C75E0001B851D /* AppDelegate.swift */,
				E392425C238C75E1001B851D /* StartVC.swift */,
				E3924261238C75E1001B851D /* Assets.xcassets */,
				E39242C02392678B001B851D /* Model.xcdatamodeld */,
				E3924263238C75E1001B851D /* LaunchScreen.storyboard */,
				E3924266238C75E1001B851D /* Info.plist */,
			);
			path = "Want To Pohavat";
			sourceTree = "<group>";
		};
		E39242E523987B18001B851D /* Model */ = {
			isa = PBXGroup;
			children = (
				E39242E623987B55001B851D /* Recipe.swift */,
				E39242E82398A563001B851D /* GlobalValues.swift */,
				E392431B239F23EC001B851D /* ImageStructure.swift */,
			);
			path = Model;
			sourceTree = "<group>";
		};
		E39242EA2398C474001B851D /* Controllers */ = {
			isa = PBXGroup;
			children = (
				E39242EB2398C486001B851D /* GlobalFunctions.swift */,
			);
			path = Controllers;
			sourceTree = "<group>";
		};
		E3924300239A483C001B851D /* View */ = {
			isa = PBXGroup;
			children = (
				E392430E239CB648001B851D /* Show Recipe View Controller */,
				E3924303239A54C2001B851D /* Recipe List Table View */,
				E3924312239E756E001B851D /* Different IngridientsVC.swift */,
				E392432123A0727F001B851D /* Different Sub CategoriesVC.swift */,
			);
			path = View;
			sourceTree = "<group>";
		};
		E3924303239A54C2001B851D /* Recipe List Table View */ = {
			isa = PBXGroup;
			children = (
				E3924306239A5B60001B851D /* RecipesList.swift */,
				E3924304239A5500001B851D /* RecipesListCellTableViewCell.swift */,
			);
			path = "Recipe List Table View";
			sourceTree = "<group>";
		};
		E392430E239CB648001B851D /* Show Recipe View Controller */ = {
			isa = PBXGroup;
			children = (
				E3924308239C8C40001B851D /* Show Recipe VC.swift */,
			);
			path = "Show Recipe View Controller";
			sourceTree = "<group>";
		};
		E3924314239ED5A0001B851D /* Core Data */ = {
			isa = PBXGroup;
			children = (
				E3924315239ED608001B851D /* CoreDataStack.swift */,
				E3924317239ED643001B851D /* CoreDataManager.swift */,
				E3924319239ED673001B851D /* MOImage.swift */,
				E392431F239F5563001B851D /* MODataBase.swift */,
			);
			path = "Core Data";
			sourceTree = "<group>";
		};
/* End PBXGroup section */

/* Begin PBXNativeTarget section */
		E3924256238C75E0001B851D /* Want To Pohavat */ = {
			isa = PBXNativeTarget;
			buildConfigurationList = E3924269238C75E1001B851D /* Build configuration list for PBXNativeTarget "Want To Pohavat" */;
			buildPhases = (
				E3924253238C75E0001B851D /* Sources */,
				E3924254238C75E0001B851D /* Frameworks */,
				E3924255238C75E0001B851D /* Resources */,
			);
			buildRules = (
			);
			dependencies = (
			);
			name = "Want To Pohavat";
			productName = "Want To Pohavat";
			productReference = E3924257238C75E0001B851D /* Want To Pohavat.app */;
			productType = "com.apple.product-type.application";
		};
/* End PBXNativeTarget section */

/* Begin PBXProject section */
		E392424F238C75E0001B851D /* Project object */ = {
			isa = PBXProject;
			attributes = {
				LastSwiftUpdateCheck = 1030;
				LastUpgradeCheck = 1030;
				ORGANIZATIONNAME = "Дмитрий Гришин";
				TargetAttributes = {
					E3924256238C75E0001B851D = {
						CreatedOnToolsVersion = 10.3;
					};
				};
			};
			buildConfigurationList = E3924252238C75E0001B851D /* Build configuration list for PBXProject "Want To Pohavat" */;
			compatibilityVersion = "Xcode 9.3";
			developmentRegion = en;
			hasScannedForEncodings = 0;
			knownRegions = (
				en,
				Base,
			);
			mainGroup = E392424E238C75E0001B851D;
			productRefGroup = E3924258238C75E0001B851D /* Products */;
			projectDirPath = "";
			projectRoot = "";
			targets = (
				E3924256238C75E0001B851D /* Want To Pohavat */,
			);
		};
/* End PBXProject section */

/* Begin PBXResourcesBuildPhase section */
		E3924255238C75E0001B851D /* Resources */ = {
			isa = PBXResourcesBuildPhase;
			buildActionMask = 2147483647;
			files = (
				E3924265238C75E1001B851D /* LaunchScreen.storyboard in Resources */,
				E3924262238C75E1001B851D /* Assets.xcassets in Resources */,
			);
			runOnlyForDeploymentPostprocessing = 0;
		};
/* End PBXResourcesBuildPhase section */

/* Begin PBXSourcesBuildPhase section */
		E3924253238C75E0001B851D /* Sources */ = {
			isa = PBXSourcesBuildPhase;
			buildActionMask = 2147483647;
			files = (
				E392425D238C75E1001B851D /* StartVC.swift in Sources */,
				E392425B238C75E0001B851D /* AppDelegate.swift in Sources */,
				E39242EC2398C486001B851D /* GlobalFunctions.swift in Sources */,
				E3924307239A5B60001B851D /* RecipesList.swift in Sources */,
				E3924305239A5500001B851D /* RecipesListCellTableViewCell.swift in Sources */,
				E39242C22392678B001B851D /* Model.xcdatamodeld in Sources */,
				E392432223A0727F001B851D /* Different Sub CategoriesVC.swift in Sources */,
				E3924318239ED643001B851D /* CoreDataManager.swift in Sources */,
				E3924316239ED608001B851D /* CoreDataStack.swift in Sources */,
				E3924313239E756E001B851D /* Different IngridientsVC.swift in Sources */,
				E39242E723987B55001B851D /* Recipe.swift in Sources */,
				E3924309239C8C40001B851D /* Show Recipe VC.swift in Sources */,
				E392431A239ED673001B851D /* MOImage.swift in Sources */,
				E39242E92398A563001B851D /* GlobalValues.swift in Sources */,
				E392431C239F23EC001B851D /* ImageStructure.swift in Sources */,
				E3924320239F5563001B851D /* MODataBase.swift in Sources */,
			);
			runOnlyForDeploymentPostprocessing = 0;
		};
/* End PBXSourcesBuildPhase section */

/* Begin PBXVariantGroup section */
		E3924263238C75E1001B851D /* LaunchScreen.storyboard */ = {
			isa = PBXVariantGroup;
			children = (
				E3924264238C75E1001B851D /* Base */,
			);
			name = LaunchScreen.storyboard;
			sourceTree = "<group>";
		};
/* End PBXVariantGroup section */

/* Begin XCBuildConfiguration section */
		E3924267238C75E1001B851D /* Debug */ = {
			isa = XCBuildConfiguration;
			buildSettings = {
				ALWAYS_SEARCH_USER_PATHS = NO;
				CLANG_ANALYZER_NONNULL = YES;
				CLANG_ANALYZER_NUMBER_OBJECT_CONVERSION = YES_AGGRESSIVE;
				CLANG_CXX_LANGUAGE_STANDARD = "gnu++14";
				CLANG_CXX_LIBRARY = "libc++";
				CLANG_ENABLE_MODULES = YES;
				CLANG_ENABLE_OBJC_ARC = YES;
				CLANG_ENABLE_OBJC_WEAK = YES;
				CLANG_WARN_BLOCK_CAPTURE_AUTORELEASING = YES;
				CLANG_WARN_BOOL_CONVERSION = YES;
				CLANG_WARN_COMMA = YES;
				CLANG_WARN_CONSTANT_CONVERSION = YES;
				CLANG_WARN_DEPRECATED_OBJC_IMPLEMENTATIONS = YES;
				CLANG_WARN_DIRECT_OBJC_ISA_USAGE = YES_ERROR;
				CLANG_WARN_DOCUMENTATION_COMMENTS = YES;
				CLANG_WARN_EMPTY_BODY = YES;
				CLANG_WARN_ENUM_CONVERSION = YES;
				CLANG_WARN_INFINITE_RECURSION = YES;
				CLANG_WARN_INT_CONVERSION = YES;
				CLANG_WARN_NON_LITERAL_NULL_CONVERSION = YES;
				CLANG_WARN_OBJC_IMPLICIT_RETAIN_SELF = YES;
				CLANG_WARN_OBJC_LITERAL_CONVERSION = YES;
				CLANG_WARN_OBJC_ROOT_CLASS = YES_ERROR;
				CLANG_WARN_RANGE_LOOP_ANALYSIS = YES;
				CLANG_WARN_STRICT_PROTOTYPES = YES;
				CLANG_WARN_SUSPICIOUS_MOVE = YES;
				CLANG_WARN_UNGUARDED_AVAILABILITY = YES_AGGRESSIVE;
				CLANG_WARN_UNREACHABLE_CODE = YES;
				CLANG_WARN__DUPLICATE_METHOD_MATCH = YES;
				CODE_SIGN_IDENTITY = "iPhone Developer";
				COPY_PHASE_STRIP = NO;
				DEBUG_INFORMATION_FORMAT = dwarf;
				ENABLE_STRICT_OBJC_MSGSEND = YES;
				ENABLE_TESTABILITY = YES;
				GCC_C_LANGUAGE_STANDARD = gnu11;
				GCC_DYNAMIC_NO_PIC = NO;
				GCC_NO_COMMON_BLOCKS = YES;
				GCC_OPTIMIZATION_LEVEL = 0;
				GCC_PREPROCESSOR_DEFINITIONS = (
					"DEBUG=1",
					"$(inherited)",
				);
				GCC_WARN_64_TO_32_BIT_CONVERSION = YES;
				GCC_WARN_ABOUT_RETURN_TYPE = YES_ERROR;
				GCC_WARN_UNDECLARED_SELECTOR = YES;
				GCC_WARN_UNINITIALIZED_AUTOS = YES_AGGRESSIVE;
				GCC_WARN_UNUSED_FUNCTION = YES;
				GCC_WARN_UNUSED_VARIABLE = YES;
				IPHONEOS_DEPLOYMENT_TARGET = 12.4;
				MTL_ENABLE_DEBUG_INFO = INCLUDE_SOURCE;
				MTL_FAST_MATH = YES;
				ONLY_ACTIVE_ARCH = YES;
				SDKROOT = iphoneos;
				SWIFT_ACTIVE_COMPILATION_CONDITIONS = DEBUG;
				SWIFT_OPTIMIZATION_LEVEL = "-Onone";
			};
			name = Debug;
		};
		E3924268238C75E1001B851D /* Release */ = {
			isa = XCBuildConfiguration;
			buildSettings = {
				ALWAYS_SEARCH_USER_PATHS = NO;
				CLANG_ANALYZER_NONNULL = YES;
				CLANG_ANALYZER_NUMBER_OBJECT_CONVERSION = YES_AGGRESSIVE;
				CLANG_CXX_LANGUAGE_STANDARD = "gnu++14";
				CLANG_CXX_LIBRARY = "libc++";
				CLANG_ENABLE_MODULES = YES;
				CLANG_ENABLE_OBJC_ARC = YES;
				CLANG_ENABLE_OBJC_WEAK = YES;
				CLANG_WARN_BLOCK_CAPTURE_AUTORELEASING = YES;
				CLANG_WARN_BOOL_CONVERSION = YES;
				CLANG_WARN_COMMA = YES;
				CLANG_WARN_CONSTANT_CONVERSION = YES;
				CLANG_WARN_DEPRECATED_OBJC_IMPLEMENTATIONS = YES;
				CLANG_WARN_DIRECT_OBJC_ISA_USAGE = YES_ERROR;
				CLANG_WARN_DOCUMENTATION_COMMENTS = YES;
				CLANG_WARN_EMPTY_BODY = YES;
				CLANG_WARN_ENUM_CONVERSION = YES;
				CLANG_WARN_INFINITE_RECURSION = YES;
				CLANG_WARN_INT_CONVERSION = YES;
				CLANG_WARN_NON_LITERAL_NULL_CONVERSION = YES;
				CLANG_WARN_OBJC_IMPLICIT_RETAIN_SELF = YES;
				CLANG_WARN_OBJC_LITERAL_CONVERSION = YES;
				CLANG_WARN_OBJC_ROOT_CLASS = YES_ERROR;
				CLANG_WARN_RANGE_LOOP_ANALYSIS = YES;
				CLANG_WARN_STRICT_PROTOTYPES = YES;
				CLANG_WARN_SUSPICIOUS_MOVE = YES;
				CLANG_WARN_UNGUARDED_AVAILABILITY = YES_AGGRESSIVE;
				CLANG_WARN_UNREACHABLE_CODE = YES;
				CLANG_WARN__DUPLICATE_METHOD_MATCH = YES;
				CODE_SIGN_IDENTITY = "iPhone Developer";
				COPY_PHASE_STRIP = NO;
				DEBUG_INFORMATION_FORMAT = "dwarf-with-dsym";
				ENABLE_NS_ASSERTIONS = NO;
				ENABLE_STRICT_OBJC_MSGSEND = YES;
				GCC_C_LANGUAGE_STANDARD = gnu11;
				GCC_NO_COMMON_BLOCKS = YES;
				GCC_WARN_64_TO_32_BIT_CONVERSION = YES;
				GCC_WARN_ABOUT_RETURN_TYPE = YES_ERROR;
				GCC_WARN_UNDECLARED_SELECTOR = YES;
				GCC_WARN_UNINITIALIZED_AUTOS = YES_AGGRESSIVE;
				GCC_WARN_UNUSED_FUNCTION = YES;
				GCC_WARN_UNUSED_VARIABLE = YES;
				IPHONEOS_DEPLOYMENT_TARGET = 12.4;
				MTL_ENABLE_DEBUG_INFO = NO;
				MTL_FAST_MATH = YES;
				SDKROOT = iphoneos;
				SWIFT_COMPILATION_MODE = wholemodule;
				SWIFT_OPTIMIZATION_LEVEL = "-O";
				VALIDATE_PRODUCT = YES;
			};
			name = Release;
		};
		E392426A238C75E1001B851D /* Debug */ = {
			isa = XCBuildConfiguration;
			buildSettings = {
				ASSETCATALOG_COMPILER_APPICON_NAME = AppIcon;
				CODE_SIGN_STYLE = Automatic;
				DEVELOPMENT_TEAM = 438Z5J4632;
				INFOPLIST_FILE = "Want To Pohavat/Info.plist";
				LD_RUNPATH_SEARCH_PATHS = (
					"$(inherited)",
					"@executable_path/Frameworks",
				);
				PRODUCT_BUNDLE_IDENTIFIER = "ICommonchikCompany.Want-To-Pohavat";
				PRODUCT_NAME = "$(TARGET_NAME)";
				SWIFT_VERSION = 5.0;
				TARGETED_DEVICE_FAMILY = "1,2";
			};
			name = Debug;
		};
		E392426B238C75E1001B851D /* Release */ = {
			isa = XCBuildConfiguration;
			buildSettings = {
				ASSETCATALOG_COMPILER_APPICON_NAME = AppIcon;
				CODE_SIGN_STYLE = Automatic;
				DEVELOPMENT_TEAM = 438Z5J4632;
				INFOPLIST_FILE = "Want To Pohavat/Info.plist";
				LD_RUNPATH_SEARCH_PATHS = (
					"$(inherited)",
					"@executable_path/Frameworks",
				);
				PRODUCT_BUNDLE_IDENTIFIER = "ICommonchikCompany.Want-To-Pohavat";
				PRODUCT_NAME = "$(TARGET_NAME)";
				SWIFT_VERSION = 5.0;
				TARGETED_DEVICE_FAMILY = "1,2";
			};
			name = Release;
		};
/* End XCBuildConfiguration section */

/* Begin XCConfigurationList section */
		E3924252238C75E0001B851D /* Build configuration list for PBXProject "Want To Pohavat" */ = {
			isa = XCConfigurationList;
			buildConfigurations = (
				E3924267238C75E1001B851D /* Debug */,
				E3924268238C75E1001B851D /* Release */,
			);
			defaultConfigurationIsVisible = 0;
			defaultConfigurationName = Release;
		};
		E3924269238C75E1001B851D /* Build configuration list for PBXNativeTarget "Want To Pohavat" */ = {
			isa = XCConfigurationList;
			buildConfigurations = (
				E392426A238C75E1001B851D /* Debug */,
				E392426B238C75E1001B851D /* Release */,
			);
			defaultConfigurationIsVisible = 0;
			defaultConfigurationName = Release;
		};
/* End XCConfigurationList section */

/* Begin XCVersionGroup section */
		E39242C02392678B001B851D /* Model.xcdatamodeld */ = {
			isa = XCVersionGroup;
			children = (
				E39242C12392678B001B851D /* Model.xcdatamodel */,
			);
			currentVersion = E39242C12392678B001B851D /* Model.xcdatamodel */;
			path = Model.xcdatamodeld;
			sourceTree = "<group>";
			versionGroupType = wrapper.xcdatamodel;
		};
/* End XCVersionGroup section */
	};
	rootObject = E392424F238C75E0001B851D /* Project object */;
}
